github.com/MTVersionManager/mtvmplugin v0.0.0-20241117212947-cba2b3340acc h1:Mjdj+AVBMbn2DyglDsP/Pzh0vwaZyw5ZKV6qRoqOe/o=
github.com/MTVersionManager/mtvmplugin v0.0.0-20241117212947-cba2b3340acc/go.mod h1:eo3CICn6Ovu09INVMm0iInMDl8hUgHYSCIITB0IVLJI=
github.com/MTVersionManager/mtvmplugin v0.0.0-20241119215715-bc2a9d9b7798 h1:hOtkGQ7bDaPRazRyyaOBxVQoN3+ChDEOV+RSZfq9Klw=
github.com/MTVersionManager/mtvmplugin v0.0.0-20241119215715-bc2a9d9b7798/go.mod h1:eo3CICn6Ovu09INVMm0iInMDl8hUgHYSCIITB0IVLJI=
